// !$*UTF8*$!
{
	archiveVersion = 1;
	classes = {
	};
	objectVersion = 46;
	objects = {

/* Begin PBXBuildFile section */
		730A8AF71ECB10AB00419464 /* Block.cpp in Sources */ = {isa = PBXBuildFile; fileRef = 730A8AEC1ECB10AB00419464 /* Block.cpp */; };
		730A8AF81ECB10AB00419464 /* main.cpp in Sources */ = {isa = PBXBuildFile; fileRef = 730A8AEF1ECB10AB00419464 /* main.cpp */; };
		730A8AF91ECB10AB00419464 /* Robit.cpp in Sources */ = {isa = PBXBuildFile; fileRef = 730A8AF11ECB10AB00419464 /* Robit.cpp */; };
		730A8AFA1ECB10AB00419464 /* Scene.cpp in Sources */ = {isa = PBXBuildFile; fileRef = 730A8AF41ECB10AB00419464 /* Scene.cpp */; };
		730A8AFB1ECB10D100419464 /* block.png in CopyFiles */ = {isa = PBXBuildFile; fileRef = 730A8AEE1ECB10AB00419464 /* block.png */; };
		730A8AFC1ECB10D100419464 /* player.png in CopyFiles */ = {isa = PBXBuildFile; fileRef = 730A8AF01ECB10AB00419464 /* player.png */; };
		730A8AFD1ECB10D100419464 /* robits.png in CopyFiles */ = {isa = PBXBuildFile; fileRef = 730A8AF31ECB10AB00419464 /* robits.png */; };
		73142E4C1EE17A1400A24D3E /* Player.cpp in Sources */ = {isa = PBXBuildFile; fileRef = 73142E4A1EE17A1400A24D3E /* Player.cpp */; };
		735C24961E70000E00D37174 /* SDL2.framework in Frameworks */ = {isa = PBXBuildFile; fileRef = 735C24951E70000E00D37174 /* SDL2.framework */; };
		735C24981E70011F00D37174 /* SDL2_image.framework in Frameworks */ = {isa = PBXBuildFile; fileRef = 735C24971E70011F00D37174 /* SDL2_image.framework */; };
/* End PBXBuildFile section */

/* Begin PBXCopyFilesBuildPhase section */
		735C24881E6FFFDB00D37174 /* CopyFiles */ = {
			isa = PBXCopyFilesBuildPhase;
			buildActionMask = 12;
			dstPath = .;
			dstSubfolderSpec = 16;
			files = (
				730A8AFB1ECB10D100419464 /* block.png in CopyFiles */,
				730A8AFC1ECB10D100419464 /* player.png in CopyFiles */,
				730A8AFD1ECB10D100419464 /* robits.png in CopyFiles */,
			);
			runOnlyForDeploymentPostprocessing = 0;
		};
/* End PBXCopyFilesBuildPhase section */

/* Begin PBXFileReference section */
		730A8AEC1ECB10AB00419464 /* Block.cpp */ = {isa = PBXFileReference; fileEncoding = 4; lastKnownFileType = sourcecode.cpp.cpp; name = Block.cpp; path = RoboChase/Block.cpp; sourceTree = SOURCE_ROOT; };
		730A8AED1ECB10AB00419464 /* Block.hpp */ = {isa = PBXFileReference; fileEncoding = 4; lastKnownFileType = sourcecode.cpp.h; name = Block.hpp; path = RoboChase/Block.hpp; sourceTree = SOURCE_ROOT; };
		730A8AEE1ECB10AB00419464 /* block.png */ = {isa = PBXFileReference; lastKnownFileType = image.png; name = block.png; path = RoboChase/block.png; sourceTree = SOURCE_ROOT; };
		730A8AEF1ECB10AB00419464 /* main.cpp */ = {isa = PBXFileReference; fileEncoding = 4; lastKnownFileType = sourcecode.cpp.cpp; name = main.cpp; path = RoboChase/main.cpp; sourceTree = SOURCE_ROOT; };
		730A8AF01ECB10AB00419464 /* player.png */ = {isa = PBXFileReference; lastKnownFileType = image.png; name = player.png; path = RoboChase/player.png; sourceTree = SOURCE_ROOT; };
		730A8AF11ECB10AB00419464 /* Robit.cpp */ = {isa = PBXFileReference; fileEncoding = 4; lastKnownFileType = sourcecode.cpp.cpp; name = Robit.cpp; path = RoboChase/Robit.cpp; sourceTree = SOURCE_ROOT; };
		730A8AF21ECB10AB00419464 /* Robit.hpp */ = {isa = PBXFileReference; fileEncoding = 4; lastKnownFileType = sourcecode.cpp.h; name = Robit.hpp; path = RoboChase/Robit.hpp; sourceTree = SOURCE_ROOT; };
		730A8AF31ECB10AB00419464 /* robits.png */ = {isa = PBXFileReference; lastKnownFileType = image.png; name = robits.png; path = RoboChase/robits.png; sourceTree = SOURCE_ROOT; };
		730A8AF41ECB10AB00419464 /* Scene.cpp */ = {isa = PBXFileReference; fileEncoding = 4; lastKnownFileType = sourcecode.cpp.cpp; name = Scene.cpp; path = RoboChase/Scene.cpp; sourceTree = SOURCE_ROOT; };
		730A8AF51ECB10AB00419464 /* Scene.hpp */ = {isa = PBXFileReference; fileEncoding = 4; lastKnownFileType = sourcecode.cpp.h; name = Scene.hpp; path = RoboChase/Scene.hpp; sourceTree = SOURCE_ROOT; };
		730A8AF61ECB10AB00419464 /* Sprite.hpp */ = {isa = PBXFileReference; fileEncoding = 4; lastKnownFileType = sourcecode.cpp.h; name = Sprite.hpp; path = RoboChase/Sprite.hpp; sourceTree = SOURCE_ROOT; };
		73142E4A1EE17A1400A24D3E /* Player.cpp */ = {isa = PBXFileReference; fileEncoding = 4; lastKnownFileType = sourcecode.cpp.cpp; path = Player.cpp; sourceTree = "<group>"; };
		73142E4B1EE17A1400A24D3E /* Player.hpp */ = {isa = PBXFileReference; fileEncoding = 4; lastKnownFileType = sourcecode.cpp.h; path = Player.hpp; sourceTree = "<group>"; };
		735C248A1E6FFFDB00D37174 /* RoboChase */ = {isa = PBXFileReference; explicitFileType = "compiled.mach-o.executable"; includeInIndex = 0; path = RoboChase; sourceTree = BUILT_PRODUCTS_DIR; };
		735C24951E70000E00D37174 /* SDL2.framework */ = {isa = PBXFileReference; lastKnownFileType = wrapper.framework; name = SDL2.framework; path = ../../../../Library/Frameworks/SDL2.framework; sourceTree = "<group>"; };
		735C24971E70011F00D37174 /* SDL2_image.framework */ = {isa = PBXFileReference; lastKnownFileType = wrapper.framework; name = SDL2_image.framework; path = ../../../../Library/Frameworks/SDL2_image.framework; sourceTree = "<group>"; };
/* End PBXFileReference section */

/* Begin PBXFrameworksBuildPhase section */
		735C24871E6FFFDB00D37174 /* Frameworks */ = {
			isa = PBXFrameworksBuildPhase;
			buildActionMask = 2147483647;
			files = (
				735C24981E70011F00D37174 /* SDL2_image.framework in Frameworks */,
				735C24961E70000E00D37174 /* SDL2.framework in Frameworks */,
			);
			runOnlyForDeploymentPostprocessing = 0;
		};
/* End PBXFrameworksBuildPhase section */

/* Begin PBXGroup section */
		730D5F7C1EEBEC0800BD62D4 /* Sprite Classes */ = {
			isa = PBXGroup;
			children = (
				730A8AF61ECB10AB00419464 /* Sprite.hpp */,
				730A8AEC1ECB10AB00419464 /* Block.cpp */,
				730A8AED1ECB10AB00419464 /* Block.hpp */,
				730A8AF11ECB10AB00419464 /* Robit.cpp */,
				730A8AF21ECB10AB00419464 /* Robit.hpp */,
				73142E4A1EE17A1400A24D3E /* Player.cpp */,
				73142E4B1EE17A1400A24D3E /* Player.hpp */,
			);
			name = "Sprite Classes";
			sourceTree = "<group>";
		};
		73142E491EE1766500A24D3E /* Sprite Assets */ = {
			isa = PBXGroup;
			children = (
				730A8AEE1ECB10AB00419464 /* block.png */,
				730A8AF01ECB10AB00419464 /* player.png */,
				730A8AF31ECB10AB00419464 /* robits.png */,
			);
			name = "Sprite Assets";
			sourceTree = "<group>";
		};
		735C24811E6FFFDB00D37174 = {
			isa = PBXGroup;
			children = (
				735C248C1E6FFFDB00D37174 /* RoboChase */,
				735C248B1E6FFFDB00D37174 /* Products */,
				735C24941E70000E00D37174 /* Frameworks */,
			);
			indentWidth = 2;
			sourceTree = "<group>";
			tabWidth = 2;
			usesTabs = 0;
		};
		735C248B1E6FFFDB00D37174 /* Products */ = {
			isa = PBXGroup;
			children = (
				735C248A1E6FFFDB00D37174 /* RoboChase */,
			);
			name = Products;
			sourceTree = "<group>";
		};
		735C248C1E6FFFDB00D37174 /* RoboChase */ = {
			isa = PBXGroup;
			children = (
				73142E491EE1766500A24D3E /* Sprite Assets */,
				730D5F7C1EEBEC0800BD62D4 /* Sprite Classes */,
				730A8AEF1ECB10AB00419464 /* main.cpp */,
				730A8AF41ECB10AB00419464 /* Scene.cpp */,
				730A8AF51ECB10AB00419464 /* Scene.hpp */,
			);
			path = RoboChase;
			sourceTree = "<group>";
		};
		735C24941E70000E00D37174 /* Frameworks */ = {
			isa = PBXGroup;
			children = (
				735C24971E70011F00D37174 /* SDL2_image.framework */,
				735C24951E70000E00D37174 /* SDL2.framework */,
			);
			name = Frameworks;
			sourceTree = "<group>";
		};
/* End PBXGroup section */

/* Begin PBXNativeTarget section */
		735C24891E6FFFDB00D37174 /* RoboChase */ = {
			isa = PBXNativeTarget;
			buildConfigurationList = 735C24911E6FFFDB00D37174 /* Build configuration list for PBXNativeTarget "RoboChase" */;
			buildPhases = (
				735C24861E6FFFDB00D37174 /* Sources */,
				735C24871E6FFFDB00D37174 /* Frameworks */,
				735C24881E6FFFDB00D37174 /* CopyFiles */,
			);
			buildRules = (
			);
			dependencies = (
			);
			name = RoboChase;
			productName = RoboChase;
			productReference = 735C248A1E6FFFDB00D37174 /* RoboChase */;
			productType = "com.apple.product-type.tool";
		};
/* End PBXNativeTarget section */

/* Begin PBXProject section */
		735C24821E6FFFDB00D37174 /* Project object */ = {
			isa = PBXProject;
			attributes = {
				LastUpgradeCheck = 0820;
				ORGANIZATIONNAME = nspool;
				TargetAttributes = {
					735C24891E6FFFDB00D37174 = {
						CreatedOnToolsVersion = 8.2;
						ProvisioningStyle = Automatic;
					};
				};
			};
			buildConfigurationList = 735C24851E6FFFDB00D37174 /* Build configuration list for PBXProject "RoboChase" */;
			compatibilityVersion = "Xcode 3.2";
			developmentRegion = English;
			hasScannedForEncodings = 0;
			knownRegions = (
				en,
			);
			mainGroup = 735C24811E6FFFDB00D37174;
			productRefGroup = 735C248B1E6FFFDB00D37174 /* Products */;
			projectDirPath = "";
			projectRoot = "";
			targets = (
				735C24891E6FFFDB00D37174 /* RoboChase */,
			);
		};
/* End PBXProject section */

/* Begin PBXSourcesBuildPhase section */
		735C24861E6FFFDB00D37174 /* Sources */ = {
			isa = PBXSourcesBuildPhase;
			buildActionMask = 2147483647;
			files = (
				730A8AFA1ECB10AB00419464 /* Scene.cpp in Sources */,
				730A8AF81ECB10AB00419464 /* main.cpp in Sources */,
				730A8AF91ECB10AB00419464 /* Robit.cpp in Sources */,
				730A8AF71ECB10AB00419464 /* Block.cpp in Sources */,
				73142E4C1EE17A1400A24D3E /* Player.cpp in Sources */,
			);
			runOnlyForDeploymentPostprocessing = 0;
		};
/* End PBXSourcesBuildPhase section */

/* Begin XCBuildConfiguration section */
		735C248F1E6FFFDB00D37174 /* Debug */ = {
			isa = XCBuildConfiguration;
			buildSettings = {
				ALWAYS_SEARCH_USER_PATHS = NO;
				CLANG_ANALYZER_NONNULL = YES;
				CLANG_CXX_LANGUAGE_STANDARD = "gnu++0x";
				CLANG_CXX_LIBRARY = "libc++";
				CLANG_ENABLE_MODULES = YES;
				CLANG_ENABLE_OBJC_ARC = YES;
				CLANG_WARN_BOOL_CONVERSION = YES;
				CLANG_WARN_CONSTANT_CONVERSION = YES;
				CLANG_WARN_DIRECT_OBJC_ISA_USAGE = YES_ERROR;
				CLANG_WARN_DOCUMENTATION_COMMENTS = YES;
				CLANG_WARN_EMPTY_BODY = YES;
				CLANG_WARN_ENUM_CONVERSION = YES;
				CLANG_WARN_INFINITE_RECURSION = YES;
				CLANG_WARN_INT_CONVERSION = YES;
				CLANG_WARN_OBJC_ROOT_CLASS = YES_ERROR;
				CLANG_WARN_SUSPICIOUS_MOVE = YES;
				CLANG_WARN_UNREACHABLE_CODE = YES;
				CLANG_WARN__DUPLICATE_METHOD_MATCH = YES;
				CODE_SIGN_IDENTITY = "-";
				COPY_PHASE_STRIP = NO;
				DEBUG_INFORMATION_FORMAT = dwarf;
				ENABLE_STRICT_OBJC_MSGSEND = YES;
				ENABLE_TESTABILITY = YES;
				GCC_C_LANGUAGE_STANDARD = gnu99;
				GCC_DYNAMIC_NO_PIC = NO;
				GCC_NO_COMMON_BLOCKS = YES;
				GCC_OPTIMIZATION_LEVEL = 0;
				GCC_PREPROCESSOR_DEFINITIONS = (
					"DEBUG=1",
					"$(inherited)",
				);
				GCC_WARN_64_TO_32_BIT_CONVERSION = YES;
				GCC_WARN_ABOUT_RETURN_TYPE = YES_ERROR;
				GCC_WARN_UNDECLARED_SELECTOR = YES;
				GCC_WARN_UNINITIALIZED_AUTOS = YES_AGGRESSIVE;
				GCC_WARN_UNUSED_FUNCTION = YES;
				GCC_WARN_UNUSED_VARIABLE = YES;
				MACOSX_DEPLOYMENT_TARGET = 10.12;
				MTL_ENABLE_DEBUG_INFO = YES;
				ONLY_ACTIVE_ARCH = YES;
				SDKROOT = macosx;
			};
			name = Debug;
		};
		735C24901E6FFFDB00D37174 /* Release */ = {
			isa = XCBuildConfiguration;
			buildSettings = {
				ALWAYS_SEARCH_USER_PATHS = NO;
				CLANG_ANALYZER_NONNULL = YES;
				CLANG_CXX_LANGUAGE_STANDARD = "gnu++0x";
				CLANG_CXX_LIBRARY = "libc++";
				CLANG_ENABLE_MODULES = YES;
				CLANG_ENABLE_OBJC_ARC = YES;
				CLANG_WARN_BOOL_CONVERSION = YES;
				CLANG_WARN_CONSTANT_CONVERSION = YES;
				CLANG_WARN_DIRECT_OBJC_ISA_USAGE = YES_ERROR;
				CLANG_WARN_DOCUMENTATION_COMMENTS = YES;
				CLANG_WARN_EMPTY_BODY = YES;
				CLANG_WARN_ENUM_CONVERSION = YES;
				CLANG_WARN_INFINITE_RECURSION = YES;
				CLANG_WARN_INT_CONVERSION = YES;
				CLANG_WARN_OBJC_ROOT_CLASS = YES_ERROR;
				CLANG_WARN_SUSPICIOUS_MOVE = YES;
				CLANG_WARN_UNREACHABLE_CODE = YES;
				CLANG_WARN__DUPLICATE_METHOD_MATCH = YES;
				CODE_SIGN_IDENTITY = "-";
				COPY_PHASE_STRIP = NO;
				DEBUG_INFORMATION_FORMAT = "dwarf-with-dsym";
				ENABLE_NS_ASSERTIONS = NO;
				ENABLE_STRICT_OBJC_MSGSEND = YES;
				GCC_C_LANGUAGE_STANDARD = gnu99;
				GCC_NO_COMMON_BLOCKS = YES;
				GCC_WARN_64_TO_32_BIT_CONVERSION = YES;
				GCC_WARN_ABOUT_RETURN_TYPE = YES_ERROR;
				GCC_WARN_UNDECLARED_SELECTOR = YES;
				GCC_WARN_UNINITIALIZED_AUTOS = YES_AGGRESSIVE;
				GCC_WARN_UNUSED_FUNCTION = YES;
				GCC_WARN_UNUSED_VARIABLE = YES;
				MACOSX_DEPLOYMENT_TARGET = 10.12;
				MTL_ENABLE_DEBUG_INFO = NO;
				SDKROOT = macosx;
			};
			name = Release;
		};
		735C24921E6FFFDB00D37174 /* Debug */ = {
			isa = XCBuildConfiguration;
			buildSettings = {
				FRAMEWORK_SEARCH_PATHS = (
					"$(inherited)",
					"$(LOCAL_LIBRARY_DIR)/Frameworks",
				);
				PRODUCT_NAME = "$(TARGET_NAME)";
			};
			name = Debug;
		};
		735C24931E6FFFDB00D37174 /* Release */ = {
			isa = XCBuildConfiguration;
			buildSettings = {
				FRAMEWORK_SEARCH_PATHS = (
					"$(inherited)",
					"$(LOCAL_LIBRARY_DIR)/Frameworks",
				);
				PRODUCT_NAME = "$(TARGET_NAME)";
			};
			name = Release;
		};
/* End XCBuildConfiguration section */

/* Begin XCConfigurationList section */
		735C24851E6FFFDB00D37174 /* Build configuration list for PBXProject "RoboChase" */ = {
			isa = XCConfigurationList;
			buildConfigurations = (
				735C248F1E6FFFDB00D37174 /* Debug */,
				735C24901E6FFFDB00D37174 /* Release */,
			);
			defaultConfigurationIsVisible = 0;
			defaultConfigurationName = Release;
		};
		735C24911E6FFFDB00D37174 /* Build configuration list for PBXNativeTarget "RoboChase" */ = {
			isa = XCConfigurationList;
			buildConfigurations = (
				735C24921E6FFFDB00D37174 /* Debug */,
				735C24931E6FFFDB00D37174 /* Release */,
			);
			defaultConfigurationIsVisible = 0;
			defaultConfigurationName = Release;
		};
/* End XCConfigurationList section */
	};
	rootObject = 735C24821E6FFFDB00D37174 /* Project object */;
}
